<?xml version="1.0" encoding="utf-8"?>
<Project ToolsVersion="4.0" xmlns="http://schemas.microsoft.com/developer/msbuild/2003">
  <Import Project="$(ProjectDir)..\..\..\build\vc.common\common.filters" />
  <ItemGroup>
    <ClCompile Include="src\stdafx.cxx">
      <Filter>Source Files</Filter>
    </ClCompile>
    <ClCompile Include="src\cmdlist.cpp">
      <Filter>Source Files</Filter>
    </ClCompile>
    <ClCompile Include="src\globals.cpp" />
    <ClCompile Include="src\msgdialog.cpp" />
    <ClCompile Include="src\msglog.cpp" />
    <ClCompile Include="src\msgoptions.cpp" />
    <ClCompile Include="src\msgs.cpp" />
    <ClCompile Include="src\msgtimedout.cpp" />
    <ClCompile Include="src\richutil.cpp" />
    <ClCompile Include="src\srmm.cpp" />
    <ClCompile Include="src\statusicon.cpp" />
    <ClCompile Include="src\cmdlist.cpp">
      <Filter>Source Files</Filter>
    </ClCompile>
    <ClCompile Include="src\globals.cpp" />
    <ClCompile Include="src\msgdialog.cpp" />
    <ClCompile Include="src\msglog.cpp" />
    <ClCompile Include="src\msgoptions.cpp" />
    <ClCompile Include="src\msgs.cpp" />
    <ClCompile Include="src\msgtimedout.cpp" />
    <ClCompile Include="src\richutil.cpp" />
    <ClCompile Include="src\srmm.cpp" />
    <ClCompile Include="src\statusicon.cpp" />
    <ClCompile Include="src\cmdlist.cpp">
      <Filter>Source Files</Filter>
    </ClCompile>
    <ClCompile Include="src\globals.cpp" />
    <ClCompile Include="src\msgdialog.cpp" />
    <ClCompile Include="src\msglog.cpp" />
    <ClCompile Include="src\msgoptions.cpp" />
    <ClCompile Include="src\msgs.cpp" />
    <ClCompile Include="src\msgtimedout.cpp" />
    <ClCompile Include="src\richutil.cpp" />
    <ClCompile Include="src\srmm.cpp" />
    <ClCompile Include="src\statusicon.cpp" />
    <ClCompile Include="src\cmdlist.cpp">
      <Filter>Source Files</Filter>
    </ClCompile>
    <ClCompile Include="src\globals.cpp" />
    <ClCompile Include="src\msgdialog.cpp" />
    <ClCompile Include="src\msglog.cpp" />
    <ClCompile Include="src\msgoptions.cpp" />
    <ClCompile Include="src\msgs.cpp" />
    <ClCompile Include="src\msgtimedout.cpp" />
    <ClCompile Include="src\richutil.cpp" />
    <ClCompile Include="src\srmm.cpp" />
    <ClCompile Include="src\statusicon.cpp" />
    <ClCompile Include="src\cmdlist.cpp">
      <Filter>Source Files</Filter>
    </ClCompile>
    <ClCompile Include="src\globals.cpp" />
    <ClCompile Include="src\msgdialog.cpp" />
    <ClCompile Include="src\msglog.cpp" />
    <ClCompile Include="src\msgoptions.cpp" />
    <ClCompile Include="src\msgs.cpp" />
    <ClCompile Include="src\msgtimedout.cpp" />
    <ClCompile Include="src\richutil.cpp" />
    <ClCompile Include="src\srmm.cpp" />
    <ClCompile Include="src\statusicon.cpp" />
    <ClCompile Include="src\cmdlist.cpp">
      <Filter>Source Files</Filter>
    </ClCompile>
    <ClCompile Include="src\globals.cpp" />
    <ClCompile Include="src\msgdialog.cpp" />
    <ClCompile Include="src\msglog.cpp" />
    <ClCompile Include="src\msgoptions.cpp" />
    <ClCompile Include="src\msgs.cpp" />
    <ClCompile Include="src\msgtimedout.cpp" />
    <ClCompile Include="src\richutil.cpp" />
    <ClCompile Include="src\srmm.cpp" />
    <ClCompile Include="src\statusicon.cpp" />
    <ClCompile Include="src\cmdlist.cpp">
      <Filter>Source Files</Filter>
    </ClCompile>
    <ClCompile Include="src\globals.cpp" />
    <ClCompile Include="src\msgdialog.cpp" />
    <ClCompile Include="src\msglog.cpp" />
    <ClCompile Include="src\msgoptions.cpp" />
    <ClCompile Include="src\msgs.cpp" />
    <ClCompile Include="src\msgtimedout.cpp" />
    <ClCompile Include="src\richutil.cpp" />
    <ClCompile Include="src\srmm.cpp" />
    <ClCompile Include="src\statusicon.cpp" />
    <ClCompile Include="src\cmdlist.cpp">
      <Filter>Source Files</Filter>
    </ClCompile>
    <ClCompile Include="src\globals.cpp" />
    <ClCompile Include="src\msgdialog.cpp" />
    <ClCompile Include="src\msglog.cpp" />
    <ClCompile Include="src\msgoptions.cpp" />
    <ClCompile Include="src\msgs.cpp" />
    <ClCompile Include="src\msgtimedout.cpp" />
    <ClCompile Include="src\richutil.cpp" />
    <ClCompile Include="src\srmm.cpp" />
    <ClCompile Include="src\statusicon.cpp" />
    <ClCompile Include="src\cmdlist.cpp">
      <Filter>Source Files</Filter>
    </ClCompile>
    <ClCompile Include="src\globals.cpp" />
    <ClCompile Include="src\msgdialog.cpp" />
    <ClCompile Include="src\msglog.cpp" />
    <ClCompile Include="src\msgoptions.cpp" />
    <ClCompile Include="src\msgs.cpp" />
    <ClCompile Include="src\msgtimedout.cpp" />
    <ClCompile Include="src\richutil.cpp" />
    <ClCompile Include="src\srmm.cpp" />
    <ClCompile Include="src\statusicon.cpp" />
    <ClCompile Include="src\cmdlist.cpp">
      <Filter>Source Files</Filter>
    </ClCompile>
    <ClCompile Include="src\globals.cpp" />
    <ClCompile Include="src\msgdialog.cpp" />
    <ClCompile Include="src\msglog.cpp" />
    <ClCompile Include="src\msgoptions.cpp" />
    <ClCompile Include="src\msgs.cpp" />
    <ClCompile Include="src\msgtimedout.cpp" />
    <ClCompile Include="src\richutil.cpp" />
    <ClCompile Include="src\srmm.cpp" />
    <ClCompile Include="src\statusicon.cpp" />
  </ItemGroup>
  <ItemGroup>
    <ClInclude Include="src\cmdlist.h">
      <Filter>Header Files</Filter>
    </ClInclude>
    <ClInclude Include="src\globals.h" />
    <ClInclude Include="src\msgs.h" />
    <ClInclude Include="src\resource.h" />
    <ClInclude Include="src\richutil.h" />
    <ClInclude Include="src\statusicon.h" />
    <ClInclude Include="src\stdafx.h" />
    <ClInclude Include="src\version.h" />
    <ClInclude Include="src\cmdlist.h">
      <Filter>Header Files</Filter>
    </ClInclude>
    <ClInclude Include="src\globals.h" />
    <ClInclude Include="src\msgs.h" />
    <ClInclude Include="src\resource.h" />
    <ClInclude Include="src\richutil.h" />
    <ClInclude Include="src\statusicon.h" />
    <ClInclude Include="src\stdafx.h" />
    <ClInclude Include="src\version.h" />
    <ClInclude Include="src\cmdlist.h">
      <Filter>Header Files</Filter>
    </ClInclude>
    <ClInclude Include="src\globals.h" />
    <ClInclude Include="src\msgs.h" />
    <ClInclude Include="src\resource.h" />
    <ClInclude Include="src\richutil.h" />
    <ClInclude Include="src\statusicon.h" />
    <ClInclude Include="src\stdafx.h" />
    <ClInclude Include="src\version.h" />
    <ClInclude Include="src\cmdlist.h">
      <Filter>Header Files</Filter>
    </ClInclude>
    <ClInclude Include="src\globals.h" />
    <ClInclude Include="src\msgs.h" />
    <ClInclude Include="src\resource.h" />
    <ClInclude Include="src\richutil.h" />
    <ClInclude Include="src\statusicon.h" />
    <ClInclude Include="src\stdafx.h" />
    <ClInclude Include="src\version.h" />
    <ClInclude Include="src\cmdlist.h">
      <Filter>Header Files</Filter>
    </ClInclude>
    <ClInclude Include="src\globals.h" />
    <ClInclude Include="src\msgs.h" />
    <ClInclude Include="src\resource.h" />
    <ClInclude Include="src\richutil.h" />
    <ClInclude Include="src\statusicon.h" />
    <ClInclude Include="src\stdafx.h" />
    <ClInclude Include="src\version.h" />
    <ClInclude Include="src\cmdlist.h">
      <Filter>Header Files</Filter>
    </ClInclude>
    <ClInclude Include="src\globals.h" />
    <ClInclude Include="src\msgs.h" />
    <ClInclude Include="src\resource.h" />
    <ClInclude Include="src\richutil.h" />
    <ClInclude Include="src\statusicon.h" />
    <ClInclude Include="src\stdafx.h" />
    <ClInclude Include="src\version.h" />
    <ClInclude Include="src\cmdlist.h">
      <Filter>Header Files</Filter>
    </ClInclude>
    <ClInclude Include="src\globals.h" />
    <ClInclude Include="src\msgs.h" />
    <ClInclude Include="src\resource.h" />
    <ClInclude Include="src\richutil.h" />
    <ClInclude Include="src\statusicon.h" />
    <ClInclude Include="src\stdafx.h" />
    <ClInclude Include="src\version.h" />
    <ClInclude Include="src\cmdlist.h">
      <Filter>Header Files</Filter>
    </ClInclude>
    <ClInclude Include="src\globals.h" />
    <ClInclude Include="src\msgs.h" />
    <ClInclude Include="src\resource.h" />
    <ClInclude Include="src\richutil.h" />
    <ClInclude Include="src\statusicon.h" />
    <ClInclude Include="src\stdafx.h" />
    <ClInclude Include="src\version.h" />
  </ItemGroup>
  <ItemGroup>
    <ResourceCompile Include="res\resource.rc">
      <Filter>Resource Files</Filter>
    </ResourceCompile>
    <ResourceCompile Include="res\version.rc" />
    <ResourceCompile Include="res\resource.rc">
      <Filter>Resource Files</Filter>
    </ResourceCompile>
    <ResourceCompile Include="res\version.rc" />
  </ItemGroup>
</Project>