Microsoft Visual Studio Solution File, Format Version 12.00
# Visual Studio 2013
VisualStudioVersion = 12.0.31101.0
MinimumVisualStudioVersion = 10.0.40219.1
Project("{8BC9CEB8-8B4A-11D0-8D11-00A0C91BC942}") = "AVS", "..\plugins\AVS\avs.vcxproj", "{7711F563-6473-4ABD-B5E3-477CE8384AD6}"
EndProject
Project("{8BC9CEB8-8B4A-11D0-8D11-00A0C91BC942}") = "AdvaImg", "..\plugins\AdvaImg\AdvaImg_12.vcxproj", "{D0C4EACD-F264-4CFA-9AFC-3918FEC31A9A}"
EndProject
Project("{8BC9CEB8-8B4A-11D0-8D11-00A0C91BC942}") = "AIM", "..\protocols\AimOscar\aim.vcxproj", "{736E59E5-CDCE-4C88-9C3A-E7913D45C9EC}"
EndProject
Project("{8BC9CEB8-8B4A-11D0-8D11-00A0C91BC942}") = "GG", "..\protocols\Gadu-Gadu\Gadu-Gadu_12.vcxproj", "{6DA1396F-2A44-4D5C-8442-012F71006217}"
EndProject
Project("{8BC9CEB8-8B4A-11D0-8D11-00A0C91BC942}") = "IRC", "..\protocols\IRCG\IRC.vcxproj", "{3A12F777-56A8-42EC-BD17-8F325524241E}"
EndProject
Project("{8BC9CEB8-8B4A-11D0-8D11-00A0C91BC942}") = "ICQ", "..\protocols\IcqOscarJ\icqoscar8.vcxproj", "{01DDCB36-4DE2-405D-BC36-2C8BDEB86659}"
EndProject
Project("{8BC9CEB8-8B4A-11D0-8D11-00A0C91BC942}") = "Jabber", "..\protocols\JabberG\jabber.vcxproj", "{33276462-8313-4192-8306-13717ECCA60A}"
EndProject
Project("{8BC9CEB8-8B4A-11D0-8D11-00A0C91BC942}") = "xStatus_ICQ", "..\protocols\IcqOscarJ\icq_xstatus\xStatus_ICQ.vcxproj", "{E98A8615-1082-1979-D6D8-F763F13BFCBD}"
EndProject
Project("{8BC9CEB8-8B4A-11D0-8D11-00A0C91BC942}") = "xStatus_Jabber", "..\protocols\JabberG\jabber_xstatus\xStatus_Jabber.vcxproj", "{6BBEEA1E-3C87-6CD1-F32A-027C3EC5320E}"
EndProject
Project("{8BC9CEB8-8B4A-11D0-8D11-00A0C91BC942}") = "Proto_AIM", "..\protocols\AimOscar\proto_aim\Proto_AIM.vcxproj", "{975505EA-F0C7-4DAC-A95E-75249615F30C}"
EndProject
Project("{8BC9CEB8-8B4A-11D0-8D11-00A0C91BC942}") = "Proto_GG", "..\protocols\Gadu-Gadu\proto_gg\Proto_GG.vcxproj", "{33912E32-3B68-4E2C-82AE-64C06EE987A7}"
EndProject
Project("{8BC9CEB8-8B4A-11D0-8D11-00A0C91BC942}") = "Proto_ICQ", "..\protocols\IcqOscarJ\proto_icq\Proto_ICQ.vcxproj", "{DB3B0449-E576-4BBB-8B08-AB9E914D39CA}"
EndProject
Project("{8BC9CEB8-8B4A-11D0-8D11-00A0C91BC942}") = "Proto_IRC", "..\protocols\IRCG\proto_irc\Proto_IRC.vcxproj", "{DD667247-3712-4355-9774-7E6ACAF2275E}"
EndProject
Project("{8BC9CEB8-8B4A-11D0-8D11-00A0C91BC942}") = "Proto_Jabber", "..\protocols\JabberG\proto_jabber\Proto_Jabber.vcxproj", "{1AA0A504-0644-4F00-A1AD-F55D69E50DD0}"
EndProject
Project("{8BC9CEB8-8B4A-11D0-8D11-00A0C91BC942}") = "Proto_MSN", "..\protocols\MSN\proto_msn\Proto_MSN.vcxproj", "{7BC6C3E7-2B17-4718-A82E-084798710E14}"
EndProject
Project("{8BC9CEB8-8B4A-11D0-8D11-00A0C91BC942}") = "Proto_Yahoo", "..\protocols\Yahoo\proto_yahoo\Proto_Yahoo.vcxproj", "{BFEBA9D5-CAB7-42C0-BE0B-0888A7A458AB}"
EndProject
Project("{8BC9CEB8-8B4A-11D0-8D11-00A0C91BC942}") = "DbChecker", "..\plugins\DbChecker\dbchecker.vcxproj", "{A2E9DA24-95E4-4414-94AF-488A382E276A}"
EndProject
Project("{8BC9CEB8-8B4A-11D0-8D11-00A0C91BC942}") = "TabSRMM_icons", "..\plugins\TabSRMM\TabSRMM_icons\NOVA\ICONS_NOVA_12.vcxproj", "{F553F140-B7D3-4984-90B1-00D4831B8A6E}"
EndProject
Project("{8BC9CEB8-8B4A-11D0-8D11-00A0C91BC942}") = "Facebook", "..\protocols\FacebookRM\facebook.vcxproj", "{DADE9455-DC28-465A-9604-2CA28052B9FB}"
EndProject
Project("{8BC9CEB8-8B4A-11D0-8D11-00A0C91BC942}") = "Proto_Facebook", "..\protocols\FacebookRM\proto_facebook\Proto_Facebook.vcxproj", "{44298314-7DD4-4EF7-B576-30E503257223}"
EndProject
Project("{8BC9CEB8-8B4A-11D0-8D11-00A0C91BC942}") = "Proto_MetaContacts", "..\src\icons\proto_metacontacts\Proto_MetaContacts_12.vcxproj", "{793B6174-89B0-4682-A957-A32BE7F61502}"
EndProject
Project("{8BC9CEB8-8B4A-11D0-8D11-00A0C91BC942}") = "Clist_modern", "..\plugins\Clist_modern\clist_modern.vcxproj", "{D9057E63-AAAA-4FE7-800A-20C02F4761F3}"
EndProject
Project("{8BC9CEB8-8B4A-11D0-8D11-00A0C91BC942}") = "mir_core", "..\src\mir_core\mir_core.vcxproj", "{D9EFEA4B-B817-4DE1-BD62-68A5DB8F5F60}"
EndProject
Project("{8BC9CEB8-8B4A-11D0-8D11-00A0C91BC942}") = "Miranda", "..\src\miranda32\miranda32.vcxproj", "{F9916510-9055-4C9F-997A-3755DEC1511B}"
EndProject
Project("{8BC9CEB8-8B4A-11D0-8D11-00A0C91BC942}") = "Dbx_mmap", "..\plugins\Db3x_mmap\db3x_mmap.vcxproj", "{20D781FB-4A20-4B75-B863-304A47182966}"
EndProject
Project("{8BC9CEB8-8B4A-11D0-8D11-00A0C91BC942}") = "Clist_nicer", "..\plugins\Clist_nicer\clist_nicer.vcxproj", "{3C42510C-A29E-4A53-899C-203BFA874E0B}"
EndProject
Project("{8BC9CEB8-8B4A-11D0-8D11-00A0C91BC942}") = "mir_app", "..\src\mir_app\mir_app.vcxproj", "{538E451F-E667-4D07-BCE6-976ECC7BB8D1}"
EndProject
Project("{8BC9CEB8-8B4A-11D0-8D11-00A0C91BC942}") = "Zlib", "..\libs\zlib\zlib.vcxproj", "{E2A369CD-EDA3-414F-8AD0-E732CD7EE68C}"
EndProject
Project("{8BC9CEB8-8B4A-11D0-8D11-00A0C91BC942}") = "DbEditorPP", "..\plugins\DbEditorPP\dbeditorpp.vcxproj", "{9C6040B8-1173-40FA-A3DB-DE044CCD8250}"
EndProject
Project("{8BC9CEB8-8B4A-11D0-8D11-00A0C91BC942}") = "StartupStatus", "..\plugins\StatusPlugins\StartupStatus\StartupStatus_12.vcxproj", "{1BD5E5B9-A750-4CF8-A370-0FBD40A92CB2}"
EndProject
Project("{8BC9CEB8-8B4A-11D0-8D11-00A0C91BC942}") = "libjson", "..\libs\libjson\libjson.vcxproj", "{F6A9340E-B8D9-4C75-BE30-47DC66D0ABC7}"
EndProject
Project("{8BC9CEB8-8B4A-11D0-8D11-00A0C91BC942}") = "clist_NG", "..\plugins\Clist_ng\clist_ng_12.vcxproj", "{A7FED55C-53E1-44B9-B4D6-3A9015839856}"
EndProject
Project("{8BC9CEB8-8B4A-11D0-8D11-00A0C91BC942}") = "Cln_skinedit", "..\plugins\Cln_skinedit\skinedit.vcxproj", "{987F026D-EB1F-4013-ADA8-2406ACCDA526}"
EndProject
Project("{8BC9CEB8-8B4A-11D0-8D11-00A0C91BC942}") = "PluginUpdater", "..\plugins\PluginUpdater\PluginUpdater.vcxproj", "{21F6C0E4-DD1A-49E6-82FD-64574BB902BD}"
EndProject
Project("{8BC9CEB8-8B4A-11D0-8D11-00A0C91BC942}") = "Popup", "..\plugins\Popup\Popup.vcxproj", "{726460C7-E1F1-4C37-B64F-DA8A8DD26D70}"
EndProject
Project("{8BC9CEB8-8B4A-11D0-8D11-00A0C91BC942}") = "ModernOpt", "..\plugins\ModernOpt\modernopt.vcxproj", "{A1C9D41B-932F-45AC-9AC0-A18D0E5D1852}"
EndProject
Project("{8BC9CEB8-8B4A-11D0-8D11-00A0C91BC942}") = "Import", "..\plugins\Import\import.vcxproj", "{795BB998-70E6-4550-8B03-89BE9D73588C}"
EndProject
Project("{8BC9CEB8-8B4A-11D0-8D11-00A0C91BC942}") = "StdAuth", "..\src\core\stdauth\stdauth.vcxproj", "{645AB03E-07BF-4238-AF88-D492DD639125}"
EndProject
Project("{8BC9CEB8-8B4A-11D0-8D11-00A0C91BC942}") = "StdAutoAway", "..\src\core\stdautoaway\stdautoaway.vcxproj", "{82169162-52BD-416E-BC58-1698AAAB35EA}"
EndProject
Project("{8BC9CEB8-8B4A-11D0-8D11-00A0C91BC942}") = "StdAway", "..\src\core\stdaway\stdaway.vcxproj", "{0EA1ABFC-5D6E-4C61-9E67-FD4CD6F76B2E}"
EndProject
Project("{8BC9CEB8-8B4A-11D0-8D11-00A0C91BC942}") = "StdChat", "..\src\core\stdchat\stdchat.vcxproj", "{0F6E8112-6AF4-4AAF-9B51-70C0F26FAA09}"
EndProject
Project("{8BC9CEB8-8B4A-11D0-8D11-00A0C91BC942}") = "StdClist", "..\src\core\stdclist\stdclist.vcxproj", "{FF5D187F-00AD-46E0-B7F6-B2BB7D7CC8A1}"
EndProject
Project("{8BC9CEB8-8B4A-11D0-8D11-00A0C91BC942}") = "StdCrypt", "..\src\core\stdcrypt\stdcrypt.vcxproj", "{04DCB7F5-133B-4794-A75D-1D2760B6D267}"
EndProject
Project("{8BC9CEB8-8B4A-11D0-8D11-00A0C91BC942}") = "StdEmail", "..\src\core\stdemail\stdemail.vcxproj", "{A250955F-199D-4A46-B3FD-27A32355C592}"
EndProject
Project("{8BC9CEB8-8B4A-11D0-8D11-00A0C91BC942}") = "StdFile", "..\src\core\stdfile\stdfile.vcxproj", "{229EC6D1-15DF-40CB-BA85-89D0BF9C4D5E}"
EndProject
Project("{8BC9CEB8-8B4A-11D0-8D11-00A0C91BC942}") = "StdHelp", "..\src\core\stdhelp\stdhelp.vcxproj", "{8FBAB1DD-EF46-4F71-A07E-8745FF69D3D2}"
EndProject
Project("{8BC9CEB8-8B4A-11D0-8D11-00A0C91BC942}") = "StdIdle", "..\src\core\stdidle\stdidle.vcxproj", "{CC5AB4C8-C402-4638-B34C-D015277452BF}"
EndProject
Project("{8BC9CEB8-8B4A-11D0-8D11-00A0C91BC942}") = "StdMsg", "..\src\core\stdmsg\stdmsg.vcxproj", "{B659FFC1-2FF0-46E8-848C-28BACC1E0C92}"
EndProject
Project("{8BC9CEB8-8B4A-11D0-8D11-00A0C91BC942}") = "StdSSL", "..\src\core\stdssl\stdssl.vcxproj", "{BDBC65CD-7C1D-47FA-A67A-F228E6D49835}"
EndProject
Project("{8BC9CEB8-8B4A-11D0-8D11-00A0C91BC942}") = "StdUIHist", "..\src\core\stduihist\stduihist.vcxproj", "{280EDD25-7003-4A4B-BD16-A56993F31D11}"
EndProject
Project("{8BC9CEB8-8B4A-11D0-8D11-00A0C91BC942}") = "StdUserInfo", "..\src\core\stduserinfo\stduserinfo.vcxproj", "{99AA2FF4-1504-4302-A903-B3A86285731B}"
EndProject
Project("{8BC9CEB8-8B4A-11D0-8D11-00A0C91BC942}") = "StdUserOnline", "..\src\core\stduseronline\stduseronline.vcxproj", "{72B61C03-A7D1-458A-B8D6-80591A5520F1}"
EndProject
Project("{8BC9CEB8-8B4A-11D0-8D11-00A0C91BC942}") = "TabSRMM", "..\plugins\TabSRMM\tabsrmm.vcxproj", "{97D1FD0C-A124-46CC-94FA-D8BA005FF6E0}"
EndProject
Project("{8BC9CEB8-8B4A-11D0-8D11-00A0C91BC942}") = "TopToolBar", "..\plugins\TopToolBar\TopToolBar.vcxproj", "{FF62FA8E-8ACB-43CF-8BA9-5ED2425DCF5D}"
EndProject
Project("{8BC9CEB8-8B4A-11D0-8D11-00A0C91BC942}") = "Weather", "..\plugins\Weather\weather.vcxproj", "{DB2EE7DE-087F-4AFB-82C7-158DA908A61E}"
EndProject
Project("{8BC9CEB8-8B4A-11D0-8D11-00A0C91BC942}") = "Yahoo", "..\protocols\Yahoo\Yahoo.vcxproj", "{7436423B-FB37-4BFC-9B66-D049F18C775A}"
EndProject
Global
	GlobalSection(SolutionConfigurationPlatforms) = preSolution
		Debug|Win32 = Debug|Win32
		Debug|x64 = Debug|x64
		Release|Win32 = Release|Win32
		Release|x64 = Release|x64
	EndGlobalSection
	GlobalSection(ProjectConfigurationPlatforms) = postSolution
		{7711F563-6473-4ABD-B5E3-477CE8384AD6}.Debug|Win32.ActiveCfg = Debug|Win32
		{7711F563-6473-4ABD-B5E3-477CE8384AD6}.Debug|Win32.Build.0 = Debug|Win32
		{7711F563-6473-4ABD-B5E3-477CE8384AD6}.Debug|x64.ActiveCfg = Debug|x64
		{7711F563-6473-4ABD-B5E3-477CE8384AD6}.Debug|x64.Build.0 = Debug|x64
		{7711F563-6473-4ABD-B5E3-477CE8384AD6}.Release|Win32.ActiveCfg = Release|Win32
		{7711F563-6473-4ABD-B5E3-477CE8384AD6}.Release|Win32.Build.0 = Release|Win32
		{7711F563-6473-4ABD-B5E3-477CE8384AD6}.Release|x64.ActiveCfg = Release|x64
		{7711F563-6473-4ABD-B5E3-477CE8384AD6}.Release|x64.Build.0 = Release|x64
		{D0C4EACD-F264-4CFA-9AFC-3918FEC31A9A}.Debug|Win32.ActiveCfg = Debug|Win32
		{D0C4EACD-F264-4CFA-9AFC-3918FEC31A9A}.Debug|Win32.Build.0 = Debug|Win32
		{D0C4EACD-F264-4CFA-9AFC-3918FEC31A9A}.Debug|x64.ActiveCfg = Debug|x64
		{D0C4EACD-F264-4CFA-9AFC-3918FEC31A9A}.Debug|x64.Build.0 = Debug|x64
		{D0C4EACD-F264-4CFA-9AFC-3918FEC31A9A}.Release|Win32.ActiveCfg = Release|Win32
		{D0C4EACD-F264-4CFA-9AFC-3918FEC31A9A}.Release|Win32.Build.0 = Release|Win32
		{D0C4EACD-F264-4CFA-9AFC-3918FEC31A9A}.Release|x64.ActiveCfg = Release|x64
		{D0C4EACD-F264-4CFA-9AFC-3918FEC31A9A}.Release|x64.Build.0 = Release|x64
		{736E59E5-CDCE-4C88-9C3A-E7913D45C9EC}.Debug|Win32.ActiveCfg = Debug|Win32
		{736E59E5-CDCE-4C88-9C3A-E7913D45C9EC}.Debug|Win32.Build.0 = Debug|Win32
		{736E59E5-CDCE-4C88-9C3A-E7913D45C9EC}.Debug|x64.ActiveCfg = Debug|x64
		{736E59E5-CDCE-4C88-9C3A-E7913D45C9EC}.Debug|x64.Build.0 = Debug|x64
		{736E59E5-CDCE-4C88-9C3A-E7913D45C9EC}.Release|Win32.ActiveCfg = Release|Win32
		{736E59E5-CDCE-4C88-9C3A-E7913D45C9EC}.Release|Win32.Build.0 = Release|Win32
		{736E59E5-CDCE-4C88-9C3A-E7913D45C9EC}.Release|x64.ActiveCfg = Release|x64
		{736E59E5-CDCE-4C88-9C3A-E7913D45C9EC}.Release|x64.Build.0 = Release|x64
		{6DA1396F-2A44-4D5C-8442-012F71006217}.Debug|Win32.ActiveCfg = Debug|Win32
		{6DA1396F-2A44-4D5C-8442-012F71006217}.Debug|Win32.Build.0 = Debug|Win32
		{6DA1396F-2A44-4D5C-8442-012F71006217}.Debug|x64.ActiveCfg = Debug|x64
		{6DA1396F-2A44-4D5C-8442-012F71006217}.Debug|x64.Build.0 = Debug|x64
		{6DA1396F-2A44-4D5C-8442-012F71006217}.Release|Win32.ActiveCfg = Release|Win32
		{6DA1396F-2A44-4D5C-8442-012F71006217}.Release|Win32.Build.0 = Release|Win32
		{6DA1396F-2A44-4D5C-8442-012F71006217}.Release|x64.ActiveCfg = Release|x64
		{6DA1396F-2A44-4D5C-8442-012F71006217}.Release|x64.Build.0 = Release|x64
		{3A12F777-56A8-42EC-BD17-8F325524241E}.Debug|Win32.ActiveCfg = Debug|Win32
		{3A12F777-56A8-42EC-BD17-8F325524241E}.Debug|Win32.Build.0 = Debug|Win32
		{3A12F777-56A8-42EC-BD17-8F325524241E}.Debug|x64.ActiveCfg = Debug|x64
		{3A12F777-56A8-42EC-BD17-8F325524241E}.Debug|x64.Build.0 = Debug|x64
		{3A12F777-56A8-42EC-BD17-8F325524241E}.Release|Win32.ActiveCfg = Release|Win32
		{3A12F777-56A8-42EC-BD17-8F325524241E}.Release|Win32.Build.0 = Release|Win32
		{3A12F777-56A8-42EC-BD17-8F325524241E}.Release|x64.ActiveCfg = Release|x64
		{3A12F777-56A8-42EC-BD17-8F325524241E}.Release|x64.Build.0 = Release|x64
		{01DDCB36-4DE2-405D-BC36-2C8BDEB86659}.Debug|Win32.ActiveCfg = Debug|Win32
		{01DDCB36-4DE2-405D-BC36-2C8BDEB86659}.Debug|Win32.Build.0 = Debug|Win32
		{01DDCB36-4DE2-405D-BC36-2C8BDEB86659}.Debug|x64.ActiveCfg = Debug|x64
		{01DDCB36-4DE2-405D-BC36-2C8BDEB86659}.Debug|x64.Build.0 = Debug|x64
		{01DDCB36-4DE2-405D-BC36-2C8BDEB86659}.Release|Win32.ActiveCfg = Release|Win32
		{01DDCB36-4DE2-405D-BC36-2C8BDEB86659}.Release|Win32.Build.0 = Release|Win32
		{01DDCB36-4DE2-405D-BC36-2C8BDEB86659}.Release|x64.ActiveCfg = Release|x64
		{01DDCB36-4DE2-405D-BC36-2C8BDEB86659}.Release|x64.Build.0 = Release|x64
		{33276462-8313-4192-8306-13717ECCA60A}.Debug|Win32.ActiveCfg = Debug|Win32
		{33276462-8313-4192-8306-13717ECCA60A}.Debug|Win32.Build.0 = Debug|Win32
		{33276462-8313-4192-8306-13717ECCA60A}.Debug|x64.ActiveCfg = Debug|x64
		{33276462-8313-4192-8306-13717ECCA60A}.Debug|x64.Build.0 = Debug|x64
		{33276462-8313-4192-8306-13717ECCA60A}.Release|Win32.ActiveCfg = Release|Win32
		{33276462-8313-4192-8306-13717ECCA60A}.Release|Win32.Build.0 = Release|Win32
		{33276462-8313-4192-8306-13717ECCA60A}.Release|x64.ActiveCfg = Release|x64
		{33276462-8313-4192-8306-13717ECCA60A}.Release|x64.Build.0 = Release|x64
		{E98A8615-1082-1979-D6D8-F763F13BFCBD}.Debug|Win32.ActiveCfg = Debug|Win32
		{E98A8615-1082-1979-D6D8-F763F13BFCBD}.Debug|Win32.Build.0 = Debug|Win32
		{E98A8615-1082-1979-D6D8-F763F13BFCBD}.Debug|x64.ActiveCfg = Debug|x64
		{E98A8615-1082-1979-D6D8-F763F13BFCBD}.Debug|x64.Build.0 = Debug|x64
		{E98A8615-1082-1979-D6D8-F763F13BFCBD}.Release|Win32.ActiveCfg = Release|Win32
		{E98A8615-1082-1979-D6D8-F763F13BFCBD}.Release|Win32.Build.0 = Release|Win32
		{E98A8615-1082-1979-D6D8-F763F13BFCBD}.Release|x64.ActiveCfg = Release|x64
		{E98A8615-1082-1979-D6D8-F763F13BFCBD}.Release|x64.Build.0 = Release|x64
		{6BBEEA1E-3C87-6CD1-F32A-027C3EC5320E}.Debug|Win32.ActiveCfg = Debug|Win32
		{6BBEEA1E-3C87-6CD1-F32A-027C3EC5320E}.Debug|Win32.Build.0 = Debug|Win32
		{6BBEEA1E-3C87-6CD1-F32A-027C3EC5320E}.Debug|x64.ActiveCfg = Debug|x64
		{6BBEEA1E-3C87-6CD1-F32A-027C3EC5320E}.Debug|x64.Build.0 = Debug|x64
		{6BBEEA1E-3C87-6CD1-F32A-027C3EC5320E}.Release|Win32.ActiveCfg = Release|Win32
		{6BBEEA1E-3C87-6CD1-F32A-027C3EC5320E}.Release|Win32.Build.0 = Release|Win32
		{6BBEEA1E-3C87-6CD1-F32A-027C3EC5320E}.Release|x64.ActiveCfg = Release|x64
		{6BBEEA1E-3C87-6CD1-F32A-027C3EC5320E}.Release|x64.Build.0 = Release|x64
		{975505EA-F0C7-4DAC-A95E-75249615F30C}.Debug|Win32.ActiveCfg = Debug|Win32
		{975505EA-F0C7-4DAC-A95E-75249615F30C}.Debug|Win32.Build.0 = Debug|Win32
		{975505EA-F0C7-4DAC-A95E-75249615F30C}.Debug|x64.ActiveCfg = Debug|x64
		{975505EA-F0C7-4DAC-A95E-75249615F30C}.Debug|x64.Build.0 = Debug|x64
		{975505EA-F0C7-4DAC-A95E-75249615F30C}.Release|Win32.ActiveCfg = Release|Win32
		{975505EA-F0C7-4DAC-A95E-75249615F30C}.Release|Win32.Build.0 = Release|Win32
		{975505EA-F0C7-4DAC-A95E-75249615F30C}.Release|x64.ActiveCfg = Release|x64
		{975505EA-F0C7-4DAC-A95E-75249615F30C}.Release|x64.Build.0 = Release|x64
		{33912E32-3B68-4E2C-82AE-64C06EE987A7}.Debug|Win32.ActiveCfg = Debug|Win32
		{33912E32-3B68-4E2C-82AE-64C06EE987A7}.Debug|Win32.Build.0 = Debug|Win32
		{33912E32-3B68-4E2C-82AE-64C06EE987A7}.Debug|x64.ActiveCfg = Debug|x64
		{33912E32-3B68-4E2C-82AE-64C06EE987A7}.Debug|x64.Build.0 = Debug|x64
		{33912E32-3B68-4E2C-82AE-64C06EE987A7}.Release|Win32.ActiveCfg = Release|Win32
		{33912E32-3B68-4E2C-82AE-64C06EE987A7}.Release|Win32.Build.0 = Release|Win32
		{33912E32-3B68-4E2C-82AE-64C06EE987A7}.Release|x64.ActiveCfg = Release|x64
		{33912E32-3B68-4E2C-82AE-64C06EE987A7}.Release|x64.Build.0 = Release|x64
		{DB3B0449-E576-4BBB-8B08-AB9E914D39CA}.Debug|Win32.ActiveCfg = Debug|Win32
		{DB3B0449-E576-4BBB-8B08-AB9E914D39CA}.Debug|Win32.Build.0 = Debug|Win32
		{DB3B0449-E576-4BBB-8B08-AB9E914D39CA}.Debug|x64.ActiveCfg = Debug|x64
		{DB3B0449-E576-4BBB-8B08-AB9E914D39CA}.Debug|x64.Build.0 = Debug|x64
		{DB3B0449-E576-4BBB-8B08-AB9E914D39CA}.Release|Win32.ActiveCfg = Release|Win32
		{DB3B0449-E576-4BBB-8B08-AB9E914D39CA}.Release|Win32.Build.0 = Release|Win32
		{DB3B0449-E576-4BBB-8B08-AB9E914D39CA}.Release|x64.ActiveCfg = Release|x64
		{DB3B0449-E576-4BBB-8B08-AB9E914D39CA}.Release|x64.Build.0 = Release|x64
		{DD667247-3712-4355-9774-7E6ACAF2275E}.Debug|Win32.ActiveCfg = Debug|Win32
		{DD667247-3712-4355-9774-7E6ACAF2275E}.Debug|Win32.Build.0 = Debug|Win32
		{DD667247-3712-4355-9774-7E6ACAF2275E}.Debug|x64.ActiveCfg = Debug|x64
		{DD667247-3712-4355-9774-7E6ACAF2275E}.Debug|x64.Build.0 = Debug|x64
		{DD667247-3712-4355-9774-7E6ACAF2275E}.Release|Win32.ActiveCfg = Release|Win32
		{DD667247-3712-4355-9774-7E6ACAF2275E}.Release|Win32.Build.0 = Release|Win32
		{DD667247-3712-4355-9774-7E6ACAF2275E}.Release|x64.ActiveCfg = Release|x64
		{DD667247-3712-4355-9774-7E6ACAF2275E}.Release|x64.Build.0 = Release|x64
		{1AA0A504-0644-4F00-A1AD-F55D69E50DD0}.Debug|Win32.ActiveCfg = Debug|Win32
		{1AA0A504-0644-4F00-A1AD-F55D69E50DD0}.Debug|Win32.Build.0 = Debug|Win32
		{1AA0A504-0644-4F00-A1AD-F55D69E50DD0}.Debug|x64.ActiveCfg = Debug|x64
		{1AA0A504-0644-4F00-A1AD-F55D69E50DD0}.Debug|x64.Build.0 = Debug|x64
		{1AA0A504-0644-4F00-A1AD-F55D69E50DD0}.Release|Win32.ActiveCfg = Release|Win32
		{1AA0A504-0644-4F00-A1AD-F55D69E50DD0}.Release|Win32.Build.0 = Release|Win32
		{1AA0A504-0644-4F00-A1AD-F55D69E50DD0}.Release|x64.ActiveCfg = Release|x64
		{1AA0A504-0644-4F00-A1AD-F55D69E50DD0}.Release|x64.Build.0 = Release|x64
		{7BC6C3E7-2B17-4718-A82E-084798710E14}.Debug|Win32.ActiveCfg = Debug|Win32
		{7BC6C3E7-2B17-4718-A82E-084798710E14}.Debug|Win32.Build.0 = Debug|Win32
		{7BC6C3E7-2B17-4718-A82E-084798710E14}.Debug|x64.ActiveCfg = Debug|x64
		{7BC6C3E7-2B17-4718-A82E-084798710E14}.Debug|x64.Build.0 = Debug|x64
		{7BC6C3E7-2B17-4718-A82E-084798710E14}.Release|Win32.ActiveCfg = Release|Win32
		{7BC6C3E7-2B17-4718-A82E-084798710E14}.Release|Win32.Build.0 = Release|Win32
		{7BC6C3E7-2B17-4718-A82E-084798710E14}.Release|x64.ActiveCfg = Release|x64
		{7BC6C3E7-2B17-4718-A82E-084798710E14}.Release|x64.Build.0 = Release|x64
		{BFEBA9D5-CAB7-42C0-BE0B-0888A7A458AB}.Debug|Win32.ActiveCfg = Debug|Win32
		{BFEBA9D5-CAB7-42C0-BE0B-0888A7A458AB}.Debug|Win32.Build.0 = Debug|Win32
		{BFEBA9D5-CAB7-42C0-BE0B-0888A7A458AB}.Debug|x64.ActiveCfg = Debug|x64
		{BFEBA9D5-CAB7-42C0-BE0B-0888A7A458AB}.Debug|x64.Build.0 = Debug|x64
		{BFEBA9D5-CAB7-42C0-BE0B-0888A7A458AB}.Release|Win32.ActiveCfg = Release|Win32
		{BFEBA9D5-CAB7-42C0-BE0B-0888A7A458AB}.Release|Win32.Build.0 = Release|Win32
		{BFEBA9D5-CAB7-42C0-BE0B-0888A7A458AB}.Release|x64.ActiveCfg = Release|x64
		{BFEBA9D5-CAB7-42C0-BE0B-0888A7A458AB}.Release|x64.Build.0 = Release|x64
		{A2E9DA24-95E4-4414-94AF-488A382E276A}.Debug|Win32.ActiveCfg = Debug|Win32
		{A2E9DA24-95E4-4414-94AF-488A382E276A}.Debug|Win32.Build.0 = Debug|Win32
		{A2E9DA24-95E4-4414-94AF-488A382E276A}.Debug|x64.ActiveCfg = Debug|x64
		{A2E9DA24-95E4-4414-94AF-488A382E276A}.Debug|x64.Build.0 = Debug|x64
		{A2E9DA24-95E4-4414-94AF-488A382E276A}.Release|Win32.ActiveCfg = Release|Win32
		{A2E9DA24-95E4-4414-94AF-488A382E276A}.Release|Win32.Build.0 = Release|Win32
		{A2E9DA24-95E4-4414-94AF-488A382E276A}.Release|x64.ActiveCfg = Release|x64
		{A2E9DA24-95E4-4414-94AF-488A382E276A}.Release|x64.Build.0 = Release|x64
		{F553F140-B7D3-4984-90B1-00D4831B8A6E}.Debug|Win32.ActiveCfg = Debug|Win32
		{F553F140-B7D3-4984-90B1-00D4831B8A6E}.Debug|Win32.Build.0 = Debug|Win32
		{F553F140-B7D3-4984-90B1-00D4831B8A6E}.Debug|x64.ActiveCfg = Debug|x64
		{F553F140-B7D3-4984-90B1-00D4831B8A6E}.Debug|x64.Build.0 = Debug|x64
		{F553F140-B7D3-4984-90B1-00D4831B8A6E}.Release|Win32.ActiveCfg = Release|Win32
		{F553F140-B7D3-4984-90B1-00D4831B8A6E}.Release|Win32.Build.0 = Release|Win32
		{F553F140-B7D3-4984-90B1-00D4831B8A6E}.Release|x64.ActiveCfg = Release|x64
		{F553F140-B7D3-4984-90B1-00D4831B8A6E}.Release|x64.Build.0 = Release|x64
		{DADE9455-DC28-465A-9604-2CA28052B9FB}.Debug|Win32.ActiveCfg = Debug|Win32
		{DADE9455-DC28-465A-9604-2CA28052B9FB}.Debug|Win32.Build.0 = Debug|Win32
		{DADE9455-DC28-465A-9604-2CA28052B9FB}.Debug|x64.ActiveCfg = Debug|x64
		{DADE9455-DC28-465A-9604-2CA28052B9FB}.Debug|x64.Build.0 = Debug|x64
		{DADE9455-DC28-465A-9604-2CA28052B9FB}.Release|Win32.ActiveCfg = Release|Win32
		{DADE9455-DC28-465A-9604-2CA28052B9FB}.Release|Win32.Build.0 = Release|Win32
		{DADE9455-DC28-465A-9604-2CA28052B9FB}.Release|x64.ActiveCfg = Release|x64
		{DADE9455-DC28-465A-9604-2CA28052B9FB}.Release|x64.Build.0 = Release|x64
		{44298314-7DD4-4EF7-B576-30E503257223}.Debug|Win32.ActiveCfg = Debug|Win32
		{44298314-7DD4-4EF7-B576-30E503257223}.Debug|Win32.Build.0 = Debug|Win32
		{44298314-7DD4-4EF7-B576-30E503257223}.Debug|x64.ActiveCfg = Debug|x64
		{44298314-7DD4-4EF7-B576-30E503257223}.Debug|x64.Build.0 = Debug|x64
		{44298314-7DD4-4EF7-B576-30E503257223}.Release|Win32.ActiveCfg = Release|Win32
		{44298314-7DD4-4EF7-B576-30E503257223}.Release|Win32.Build.0 = Release|Win32
		{44298314-7DD4-4EF7-B576-30E503257223}.Release|x64.ActiveCfg = Release|x64
		{44298314-7DD4-4EF7-B576-30E503257223}.Release|x64.Build.0 = Release|x64
		{793B6174-89B0-4682-A957-A32BE7F61502}.Debug|Win32.ActiveCfg = Debug|Win32
		{793B6174-89B0-4682-A957-A32BE7F61502}.Debug|Win32.Build.0 = Debug|Win32
		{793B6174-89B0-4682-A957-A32BE7F61502}.Debug|x64.ActiveCfg = Debug|x64
		{793B6174-89B0-4682-A957-A32BE7F61502}.Debug|x64.Build.0 = Debug|x64
		{793B6174-89B0-4682-A957-A32BE7F61502}.Release|Win32.ActiveCfg = Release|Win32
		{793B6174-89B0-4682-A957-A32BE7F61502}.Release|Win32.Build.0 = Release|Win32
		{793B6174-89B0-4682-A957-A32BE7F61502}.Release|x64.ActiveCfg = Release|x64
		{793B6174-89B0-4682-A957-A32BE7F61502}.Release|x64.Build.0 = Release|x64
		{D9057E63-AAAA-4FE7-800A-20C02F4761F3}.Debug|Win32.ActiveCfg = Debug|Win32
		{D9057E63-AAAA-4FE7-800A-20C02F4761F3}.Debug|Win32.Build.0 = Debug|Win32
		{D9057E63-AAAA-4FE7-800A-20C02F4761F3}.Debug|x64.ActiveCfg = Debug|x64
		{D9057E63-AAAA-4FE7-800A-20C02F4761F3}.Debug|x64.Build.0 = Debug|x64
		{D9057E63-AAAA-4FE7-800A-20C02F4761F3}.Release|Win32.ActiveCfg = Release|Win32
		{D9057E63-AAAA-4FE7-800A-20C02F4761F3}.Release|Win32.Build.0 = Release|Win32
		{D9057E63-AAAA-4FE7-800A-20C02F4761F3}.Release|x64.ActiveCfg = Release|x64
		{D9057E63-AAAA-4FE7-800A-20C02F4761F3}.Release|x64.Build.0 = Release|x64
		{D9EFEA4B-B817-4DE1-BD62-68A5DB8F5F60}.Debug|Win32.ActiveCfg = Debug|Win32
		{D9EFEA4B-B817-4DE1-BD62-68A5DB8F5F60}.Debug|Win32.Build.0 = Debug|Win32
		{D9EFEA4B-B817-4DE1-BD62-68A5DB8F5F60}.Debug|x64.ActiveCfg = Debug|x64
		{D9EFEA4B-B817-4DE1-BD62-68A5DB8F5F60}.Debug|x64.Build.0 = Debug|x64
		{D9EFEA4B-B817-4DE1-BD62-68A5DB8F5F60}.Release|Win32.ActiveCfg = Release|Win32
		{D9EFEA4B-B817-4DE1-BD62-68A5DB8F5F60}.Release|Win32.Build.0 = Release|Win32
		{D9EFEA4B-B817-4DE1-BD62-68A5DB8F5F60}.Release|x64.ActiveCfg = Release|x64
		{D9EFEA4B-B817-4DE1-BD62-68A5DB8F5F60}.Release|x64.Build.0 = Release|x64
		{F9916510-9055-4C9F-997A-3755DEC1511B}.Debug|Win32.ActiveCfg = Debug|Win32
		{F9916510-9055-4C9F-997A-3755DEC1511B}.Debug|Win32.Build.0 = Debug|Win32
		{F9916510-9055-4C9F-997A-3755DEC1511B}.Debug|x64.ActiveCfg = Debug|x64
		{F9916510-9055-4C9F-997A-3755DEC1511B}.Debug|x64.Build.0 = Debug|x64
		{F9916510-9055-4C9F-997A-3755DEC1511B}.Release|Win32.ActiveCfg = Release|Win32
		{F9916510-9055-4C9F-997A-3755DEC1511B}.Release|Win32.Build.0 = Release|Win32
		{F9916510-9055-4C9F-997A-3755DEC1511B}.Release|x64.ActiveCfg = Release|x64
		{F9916510-9055-4C9F-997A-3755DEC1511B}.Release|x64.Build.0 = Release|x64
		{20D781FB-4A20-4B75-B863-304A47182966}.Debug|Win32.ActiveCfg = Debug|Win32
		{20D781FB-4A20-4B75-B863-304A47182966}.Debug|Win32.Build.0 = Debug|Win32
		{20D781FB-4A20-4B75-B863-304A47182966}.Debug|x64.ActiveCfg = Debug|x64
		{20D781FB-4A20-4B75-B863-304A47182966}.Debug|x64.Build.0 = Debug|x64
		{20D781FB-4A20-4B75-B863-304A47182966}.Release|Win32.ActiveCfg = Release|Win32
		{20D781FB-4A20-4B75-B863-304A47182966}.Release|Win32.Build.0 = Release|Win32
		{20D781FB-4A20-4B75-B863-304A47182966}.Release|x64.ActiveCfg = Release|x64
		{20D781FB-4A20-4B75-B863-304A47182966}.Release|x64.Build.0 = Release|x64
		{3C42510C-A29E-4A53-899C-203BFA874E0B}.Debug|Win32.ActiveCfg = Debug|Win32
		{3C42510C-A29E-4A53-899C-203BFA874E0B}.Debug|Win32.Build.0 = Debug|Win32
		{3C42510C-A29E-4A53-899C-203BFA874E0B}.Debug|x64.ActiveCfg = Debug|x64
		{3C42510C-A29E-4A53-899C-203BFA874E0B}.Debug|x64.Build.0 = Debug|x64
		{3C42510C-A29E-4A53-899C-203BFA874E0B}.Release|Win32.ActiveCfg = Release|Win32
		{3C42510C-A29E-4A53-899C-203BFA874E0B}.Release|Win32.Build.0 = Release|Win32
		{3C42510C-A29E-4A53-899C-203BFA874E0B}.Release|x64.ActiveCfg = Release|x64
		{3C42510C-A29E-4A53-899C-203BFA874E0B}.Release|x64.Build.0 = Release|x64
		{538E451F-E667-4D07-BCE6-976ECC7BB8D1}.Debug|Win32.ActiveCfg = Debug|Win32
		{538E451F-E667-4D07-BCE6-976ECC7BB8D1}.Debug|Win32.Build.0 = Debug|Win32
		{538E451F-E667-4D07-BCE6-976ECC7BB8D1}.Debug|x64.ActiveCfg = Debug|x64
		{538E451F-E667-4D07-BCE6-976ECC7BB8D1}.Debug|x64.Build.0 = Debug|x64
		{538E451F-E667-4D07-BCE6-976ECC7BB8D1}.Release|Win32.ActiveCfg = Release|Win32
		{538E451F-E667-4D07-BCE6-976ECC7BB8D1}.Release|Win32.Build.0 = Release|Win32
		{538E451F-E667-4D07-BCE6-976ECC7BB8D1}.Release|x64.ActiveCfg = Release|x64
		{538E451F-E667-4D07-BCE6-976ECC7BB8D1}.Release|x64.Build.0 = Release|x64
		{E2A369CD-EDA3-414F-8AD0-E732CD7EE68C}.Debug|Win32.ActiveCfg = Debug|Win32
		{E2A369CD-EDA3-414F-8AD0-E732CD7EE68C}.Debug|Win32.Build.0 = Debug|Win32
		{E2A369CD-EDA3-414F-8AD0-E732CD7EE68C}.Debug|x64.ActiveCfg = Debug|x64
		{E2A369CD-EDA3-414F-8AD0-E732CD7EE68C}.Debug|x64.Build.0 = Debug|x64
		{E2A369CD-EDA3-414F-8AD0-E732CD7EE68C}.Release|Win32.ActiveCfg = Release|Win32
		{E2A369CD-EDA3-414F-8AD0-E732CD7EE68C}.Release|Win32.Build.0 = Release|Win32
		{E2A369CD-EDA3-414F-8AD0-E732CD7EE68C}.Release|x64.ActiveCfg = Release|x64
		{E2A369CD-EDA3-414F-8AD0-E732CD7EE68C}.Release|x64.Build.0 = Release|x64
		{9C6040B8-1173-40FA-A3DB-DE044CCD8250}.Debug|Win32.ActiveCfg = Debug|Win32
		{9C6040B8-1173-40FA-A3DB-DE044CCD8250}.Debug|Win32.Build.0 = Debug|Win32
		{9C6040B8-1173-40FA-A3DB-DE044CCD8250}.Debug|x64.ActiveCfg = Debug|x64
		{9C6040B8-1173-40FA-A3DB-DE044CCD8250}.Debug|x64.Build.0 = Debug|x64
		{9C6040B8-1173-40FA-A3DB-DE044CCD8250}.Release|Win32.ActiveCfg = Release|Win32
		{9C6040B8-1173-40FA-A3DB-DE044CCD8250}.Release|Win32.Build.0 = Release|Win32
		{9C6040B8-1173-40FA-A3DB-DE044CCD8250}.Release|x64.ActiveCfg = Release|x64
		{9C6040B8-1173-40FA-A3DB-DE044CCD8250}.Release|x64.Build.0 = Release|x64
		{1BD5E5B9-A750-4CF8-A370-0FBD40A92CB2}.Debug|Win32.ActiveCfg = Debug|Win32
		{1BD5E5B9-A750-4CF8-A370-0FBD40A92CB2}.Debug|Win32.Build.0 = Debug|Win32
		{1BD5E5B9-A750-4CF8-A370-0FBD40A92CB2}.Debug|x64.ActiveCfg = Debug|x64
		{1BD5E5B9-A750-4CF8-A370-0FBD40A92CB2}.Debug|x64.Build.0 = Debug|x64
		{1BD5E5B9-A750-4CF8-A370-0FBD40A92CB2}.Release|Win32.ActiveCfg = Release|Win32
		{1BD5E5B9-A750-4CF8-A370-0FBD40A92CB2}.Release|Win32.Build.0 = Release|Win32
		{1BD5E5B9-A750-4CF8-A370-0FBD40A92CB2}.Release|x64.ActiveCfg = Release|x64
		{1BD5E5B9-A750-4CF8-A370-0FBD40A92CB2}.Release|x64.Build.0 = Release|x64
		{F6A9340E-B8D9-4C75-BE30-47DC66D0ABC7}.Debug|Win32.ActiveCfg = Debug|Win32
		{F6A9340E-B8D9-4C75-BE30-47DC66D0ABC7}.Debug|Win32.Build.0 = Debug|Win32
		{F6A9340E-B8D9-4C75-BE30-47DC66D0ABC7}.Debug|x64.ActiveCfg = Debug|x64
		{F6A9340E-B8D9-4C75-BE30-47DC66D0ABC7}.Debug|x64.Build.0 = Debug|x64
		{F6A9340E-B8D9-4C75-BE30-47DC66D0ABC7}.Release|Win32.ActiveCfg = Release|Win32
		{F6A9340E-B8D9-4C75-BE30-47DC66D0ABC7}.Release|Win32.Build.0 = Release|Win32
		{F6A9340E-B8D9-4C75-BE30-47DC66D0ABC7}.Release|x64.ActiveCfg = Release|x64
		{F6A9340E-B8D9-4C75-BE30-47DC66D0ABC7}.Release|x64.Build.0 = Release|x64
		{A7FED55C-53E1-44B9-B4D6-3A9015839856}.Debug|Win32.ActiveCfg = Debug|Win32
		{A7FED55C-53E1-44B9-B4D6-3A9015839856}.Debug|Win32.Build.0 = Debug|Win32
		{A7FED55C-53E1-44B9-B4D6-3A9015839856}.Debug|x64.ActiveCfg = Debug|x64
		{A7FED55C-53E1-44B9-B4D6-3A9015839856}.Debug|x64.Build.0 = Debug|x64
		{A7FED55C-53E1-44B9-B4D6-3A9015839856}.Release|Win32.ActiveCfg = Release|Win32
		{A7FED55C-53E1-44B9-B4D6-3A9015839856}.Release|Win32.Build.0 = Release|Win32
		{A7FED55C-53E1-44B9-B4D6-3A9015839856}.Release|x64.ActiveCfg = Release|x64
		{A7FED55C-53E1-44B9-B4D6-3A9015839856}.Release|x64.Build.0 = Release|x64
		{987F026D-EB1F-4013-ADA8-2406ACCDA526}.Debug|Win32.ActiveCfg = Debug|Win32
		{987F026D-EB1F-4013-ADA8-2406ACCDA526}.Debug|Win32.Build.0 = Debug|Win32
		{987F026D-EB1F-4013-ADA8-2406ACCDA526}.Debug|x64.ActiveCfg = Debug|x64
		{987F026D-EB1F-4013-ADA8-2406ACCDA526}.Debug|x64.Build.0 = Debug|x64
		{987F026D-EB1F-4013-ADA8-2406ACCDA526}.Release|Win32.ActiveCfg = Release|Win32
		{987F026D-EB1F-4013-ADA8-2406ACCDA526}.Release|Win32.Build.0 = Release|Win32
		{987F026D-EB1F-4013-ADA8-2406ACCDA526}.Release|x64.ActiveCfg = Release|x64
		{987F026D-EB1F-4013-ADA8-2406ACCDA526}.Release|x64.Build.0 = Release|x64
		{21F6C0E4-DD1A-49E6-82FD-64574BB902BD}.Debug|Win32.ActiveCfg = Debug|Win32
		{21F6C0E4-DD1A-49E6-82FD-64574BB902BD}.Debug|Win32.Build.0 = Debug|Win32
		{21F6C0E4-DD1A-49E6-82FD-64574BB902BD}.Debug|x64.ActiveCfg = Debug|x64
		{21F6C0E4-DD1A-49E6-82FD-64574BB902BD}.Debug|x64.Build.0 = Debug|x64
		{21F6C0E4-DD1A-49E6-82FD-64574BB902BD}.Release|Win32.ActiveCfg = Release|Win32
		{21F6C0E4-DD1A-49E6-82FD-64574BB902BD}.Release|Win32.Build.0 = Release|Win32
		{21F6C0E4-DD1A-49E6-82FD-64574BB902BD}.Release|x64.ActiveCfg = Release|x64
		{21F6C0E4-DD1A-49E6-82FD-64574BB902BD}.Release|x64.Build.0 = Release|x64
		{726460C7-E1F1-4C37-B64F-DA8A8DD26D70}.Debug|Win32.ActiveCfg = Debug|Win32
		{726460C7-E1F1-4C37-B64F-DA8A8DD26D70}.Debug|Win32.Build.0 = Debug|Win32
		{726460C7-E1F1-4C37-B64F-DA8A8DD26D70}.Debug|x64.ActiveCfg = Debug|x64
		{726460C7-E1F1-4C37-B64F-DA8A8DD26D70}.Debug|x64.Build.0 = Debug|x64
		{726460C7-E1F1-4C37-B64F-DA8A8DD26D70}.Release|Win32.ActiveCfg = Release|Win32
		{726460C7-E1F1-4C37-B64F-DA8A8DD26D70}.Release|Win32.Build.0 = Release|Win32
		{726460C7-E1F1-4C37-B64F-DA8A8DD26D70}.Release|x64.ActiveCfg = Release|x64
		{726460C7-E1F1-4C37-B64F-DA8A8DD26D70}.Release|x64.Build.0 = Release|x64
		{A1C9D41B-932F-45AC-9AC0-A18D0E5D1852}.Debug|Win32.ActiveCfg = Debug|Win32
		{A1C9D41B-932F-45AC-9AC0-A18D0E5D1852}.Debug|Win32.Build.0 = Debug|Win32
		{A1C9D41B-932F-45AC-9AC0-A18D0E5D1852}.Debug|x64.ActiveCfg = Debug|x64
		{A1C9D41B-932F-45AC-9AC0-A18D0E5D1852}.Debug|x64.Build.0 = Debug|x64
		{A1C9D41B-932F-45AC-9AC0-A18D0E5D1852}.Release|Win32.ActiveCfg = Release|Win32
		{A1C9D41B-932F-45AC-9AC0-A18D0E5D1852}.Release|Win32.Build.0 = Release|Win32
		{A1C9D41B-932F-45AC-9AC0-A18D0E5D1852}.Release|x64.ActiveCfg = Release|x64
		{A1C9D41B-932F-45AC-9AC0-A18D0E5D1852}.Release|x64.Build.0 = Release|x64
		{795BB998-70E6-4550-8B03-89BE9D73588C}.Debug|Win32.ActiveCfg = Debug|Win32
		{795BB998-70E6-4550-8B03-89BE9D73588C}.Debug|Win32.Build.0 = Debug|Win32
		{795BB998-70E6-4550-8B03-89BE9D73588C}.Debug|x64.ActiveCfg = Debug|x64
		{795BB998-70E6-4550-8B03-89BE9D73588C}.Debug|x64.Build.0 = Debug|x64
		{795BB998-70E6-4550-8B03-89BE9D73588C}.Release|Win32.ActiveCfg = Release|Win32
		{795BB998-70E6-4550-8B03-89BE9D73588C}.Release|Win32.Build.0 = Release|Win32
		{795BB998-70E6-4550-8B03-89BE9D73588C}.Release|x64.ActiveCfg = Release|x64
		{795BB998-70E6-4550-8B03-89BE9D73588C}.Release|x64.Build.0 = Release|x64
		{645AB03E-07BF-4238-AF88-D492DD639125}.Debug|Win32.ActiveCfg = Debug|Win32
		{645AB03E-07BF-4238-AF88-D492DD639125}.Debug|Win32.Build.0 = Debug|Win32
		{645AB03E-07BF-4238-AF88-D492DD639125}.Debug|x64.ActiveCfg = Debug|x64
		{645AB03E-07BF-4238-AF88-D492DD639125}.Debug|x64.Build.0 = Debug|x64
		{645AB03E-07BF-4238-AF88-D492DD639125}.Release|Win32.ActiveCfg = Release|Win32
		{645AB03E-07BF-4238-AF88-D492DD639125}.Release|Win32.Build.0 = Release|Win32
		{645AB03E-07BF-4238-AF88-D492DD639125}.Release|x64.ActiveCfg = Release|x64
		{645AB03E-07BF-4238-AF88-D492DD639125}.Release|x64.Build.0 = Release|x64
		{82169162-52BD-416E-BC58-1698AAAB35EA}.Debug|Win32.ActiveCfg = Debug|Win32
		{82169162-52BD-416E-BC58-1698AAAB35EA}.Debug|Win32.Build.0 = Debug|Win32
		{82169162-52BD-416E-BC58-1698AAAB35EA}.Debug|x64.ActiveCfg = Debug|x64
		{82169162-52BD-416E-BC58-1698AAAB35EA}.Debug|x64.Build.0 = Debug|x64
		{82169162-52BD-416E-BC58-1698AAAB35EA}.Release|Win32.ActiveCfg = Release|Win32
		{82169162-52BD-416E-BC58-1698AAAB35EA}.Release|Win32.Build.0 = Release|Win32
		{82169162-52BD-416E-BC58-1698AAAB35EA}.Release|x64.ActiveCfg = Release|x64
		{82169162-52BD-416E-BC58-1698AAAB35EA}.Release|x64.Build.0 = Release|x64
		{0EA1ABFC-5D6E-4C61-9E67-FD4CD6F76B2E}.Debug|Win32.ActiveCfg = Debug|Win32
		{0EA1ABFC-5D6E-4C61-9E67-FD4CD6F76B2E}.Debug|Win32.Build.0 = Debug|Win32
		{0EA1ABFC-5D6E-4C61-9E67-FD4CD6F76B2E}.Debug|x64.ActiveCfg = Debug|x64
		{0EA1ABFC-5D6E-4C61-9E67-FD4CD6F76B2E}.Debug|x64.Build.0 = Debug|x64
		{0EA1ABFC-5D6E-4C61-9E67-FD4CD6F76B2E}.Release|Win32.ActiveCfg = Release|Win32
		{0EA1ABFC-5D6E-4C61-9E67-FD4CD6F76B2E}.Release|Win32.Build.0 = Release|Win32
		{0EA1ABFC-5D6E-4C61-9E67-FD4CD6F76B2E}.Release|x64.ActiveCfg = Release|x64
		{0EA1ABFC-5D6E-4C61-9E67-FD4CD6F76B2E}.Release|x64.Build.0 = Release|x64
		{0F6E8112-6AF4-4AAF-9B51-70C0F26FAA09}.Debug|Win32.ActiveCfg = Debug|Win32
		{0F6E8112-6AF4-4AAF-9B51-70C0F26FAA09}.Debug|Win32.Build.0 = Debug|Win32
		{0F6E8112-6AF4-4AAF-9B51-70C0F26FAA09}.Debug|x64.ActiveCfg = Debug|x64
		{0F6E8112-6AF4-4AAF-9B51-70C0F26FAA09}.Debug|x64.Build.0 = Debug|x64
		{0F6E8112-6AF4-4AAF-9B51-70C0F26FAA09}.Release|Win32.ActiveCfg = Release|Win32
		{0F6E8112-6AF4-4AAF-9B51-70C0F26FAA09}.Release|Win32.Build.0 = Release|Win32
		{0F6E8112-6AF4-4AAF-9B51-70C0F26FAA09}.Release|x64.ActiveCfg = Release|x64
		{0F6E8112-6AF4-4AAF-9B51-70C0F26FAA09}.Release|x64.Build.0 = Release|x64
		{FF5D187F-00AD-46E0-B7F6-B2BB7D7CC8A1}.Debug|Win32.ActiveCfg = Debug|Win32
		{FF5D187F-00AD-46E0-B7F6-B2BB7D7CC8A1}.Debug|Win32.Build.0 = Debug|Win32
		{FF5D187F-00AD-46E0-B7F6-B2BB7D7CC8A1}.Debug|x64.ActiveCfg = Debug|x64
		{FF5D187F-00AD-46E0-B7F6-B2BB7D7CC8A1}.Debug|x64.Build.0 = Debug|x64
		{FF5D187F-00AD-46E0-B7F6-B2BB7D7CC8A1}.Release|Win32.ActiveCfg = Release|Win32
		{FF5D187F-00AD-46E0-B7F6-B2BB7D7CC8A1}.Release|Win32.Build.0 = Release|Win32
		{FF5D187F-00AD-46E0-B7F6-B2BB7D7CC8A1}.Release|x64.ActiveCfg = Release|x64
		{FF5D187F-00AD-46E0-B7F6-B2BB7D7CC8A1}.Release|x64.Build.0 = Release|x64
		{04DCB7F5-133B-4794-A75D-1D2760B6D267}.Debug|Win32.ActiveCfg = Debug|Win32
		{04DCB7F5-133B-4794-A75D-1D2760B6D267}.Debug|Win32.Build.0 = Debug|Win32
		{04DCB7F5-133B-4794-A75D-1D2760B6D267}.Debug|x64.ActiveCfg = Debug|x64
		{04DCB7F5-133B-4794-A75D-1D2760B6D267}.Debug|x64.Build.0 = Debug|x64
		{04DCB7F5-133B-4794-A75D-1D2760B6D267}.Release|Win32.ActiveCfg = Release|Win32
		{04DCB7F5-133B-4794-A75D-1D2760B6D267}.Release|Win32.Build.0 = Release|Win32
		{04DCB7F5-133B-4794-A75D-1D2760B6D267}.Release|x64.ActiveCfg = Release|x64
		{04DCB7F5-133B-4794-A75D-1D2760B6D267}.Release|x64.Build.0 = Release|x64
		{A250955F-199D-4A46-B3FD-27A32355C592}.Debug|Win32.ActiveCfg = Debug|Win32
		{A250955F-199D-4A46-B3FD-27A32355C592}.Debug|Win32.Build.0 = Debug|Win32
		{A250955F-199D-4A46-B3FD-27A32355C592}.Debug|x64.ActiveCfg = Debug|x64
		{A250955F-199D-4A46-B3FD-27A32355C592}.Debug|x64.Build.0 = Debug|x64
		{A250955F-199D-4A46-B3FD-27A32355C592}.Release|Win32.ActiveCfg = Release|Win32
		{A250955F-199D-4A46-B3FD-27A32355C592}.Release|Win32.Build.0 = Release|Win32
		{A250955F-199D-4A46-B3FD-27A32355C592}.Release|x64.ActiveCfg = Release|x64
		{A250955F-199D-4A46-B3FD-27A32355C592}.Release|x64.Build.0 = Release|x64
		{229EC6D1-15DF-40CB-BA85-89D0BF9C4D5E}.Debug|Win32.ActiveCfg = Debug|Win32
		{229EC6D1-15DF-40CB-BA85-89D0BF9C4D5E}.Debug|Win32.Build.0 = Debug|Win32
		{229EC6D1-15DF-40CB-BA85-89D0BF9C4D5E}.Debug|x64.ActiveCfg = Debug|x64
		{229EC6D1-15DF-40CB-BA85-89D0BF9C4D5E}.Debug|x64.Build.0 = Debug|x64
		{229EC6D1-15DF-40CB-BA85-89D0BF9C4D5E}.Release|Win32.ActiveCfg = Release|Win32
		{229EC6D1-15DF-40CB-BA85-89D0BF9C4D5E}.Release|Win32.Build.0 = Release|Win32
		{229EC6D1-15DF-40CB-BA85-89D0BF9C4D5E}.Release|x64.ActiveCfg = Release|x64
		{229EC6D1-15DF-40CB-BA85-89D0BF9C4D5E}.Release|x64.Build.0 = Release|x64
		{8FBAB1DD-EF46-4F71-A07E-8745FF69D3D2}.Debug|Win32.ActiveCfg = Debug|Win32
		{8FBAB1DD-EF46-4F71-A07E-8745FF69D3D2}.Debug|Win32.Build.0 = Debug|Win32
		{8FBAB1DD-EF46-4F71-A07E-8745FF69D3D2}.Debug|x64.ActiveCfg = Debug|x64
		{8FBAB1DD-EF46-4F71-A07E-8745FF69D3D2}.Debug|x64.Build.0 = Debug|x64
		{8FBAB1DD-EF46-4F71-A07E-8745FF69D3D2}.Release|Win32.ActiveCfg = Release|Win32
		{8FBAB1DD-EF46-4F71-A07E-8745FF69D3D2}.Release|Win32.Build.0 = Release|Win32
		{8FBAB1DD-EF46-4F71-A07E-8745FF69D3D2}.Release|x64.ActiveCfg = Release|x64
		{8FBAB1DD-EF46-4F71-A07E-8745FF69D3D2}.Release|x64.Build.0 = Release|x64
		{CC5AB4C8-C402-4638-B34C-D015277452BF}.Debug|Win32.ActiveCfg = Debug|Win32
		{CC5AB4C8-C402-4638-B34C-D015277452BF}.Debug|Win32.Build.0 = Debug|Win32
		{CC5AB4C8-C402-4638-B34C-D015277452BF}.Debug|x64.ActiveCfg = Debug|x64
		{CC5AB4C8-C402-4638-B34C-D015277452BF}.Debug|x64.Build.0 = Debug|x64
		{CC5AB4C8-C402-4638-B34C-D015277452BF}.Release|Win32.ActiveCfg = Release|Win32
		{CC5AB4C8-C402-4638-B34C-D015277452BF}.Release|Win32.Build.0 = Release|Win32
		{CC5AB4C8-C402-4638-B34C-D015277452BF}.Release|x64.ActiveCfg = Release|x64
		{CC5AB4C8-C402-4638-B34C-D015277452BF}.Release|x64.Build.0 = Release|x64
		{B659FFC1-2FF0-46E8-848C-28BACC1E0C92}.Debug|Win32.ActiveCfg = Debug|Win32
		{B659FFC1-2FF0-46E8-848C-28BACC1E0C92}.Debug|Win32.Build.0 = Debug|Win32
		{B659FFC1-2FF0-46E8-848C-28BACC1E0C92}.Debug|x64.ActiveCfg = Debug|x64
		{B659FFC1-2FF0-46E8-848C-28BACC1E0C92}.Debug|x64.Build.0 = Debug|x64
		{B659FFC1-2FF0-46E8-848C-28BACC1E0C92}.Release|Win32.ActiveCfg = Release|Win32
		{B659FFC1-2FF0-46E8-848C-28BACC1E0C92}.Release|Win32.Build.0 = Release|Win32
		{B659FFC1-2FF0-46E8-848C-28BACC1E0C92}.Release|x64.ActiveCfg = Release|x64
		{B659FFC1-2FF0-46E8-848C-28BACC1E0C92}.Release|x64.Build.0 = Release|x64
		{BDBC65CD-7C1D-47FA-A67A-F228E6D49835}.Debug|Win32.ActiveCfg = Debug|Win32
		{BDBC65CD-7C1D-47FA-A67A-F228E6D49835}.Debug|Win32.Build.0 = Debug|Win32
		{BDBC65CD-7C1D-47FA-A67A-F228E6D49835}.Debug|x64.ActiveCfg = Debug|x64
		{BDBC65CD-7C1D-47FA-A67A-F228E6D49835}.Debug|x64.Build.0 = Debug|x64
		{BDBC65CD-7C1D-47FA-A67A-F228E6D49835}.Release|Win32.ActiveCfg = Release|Win32
		{BDBC65CD-7C1D-47FA-A67A-F228E6D49835}.Release|Win32.Build.0 = Release|Win32
		{BDBC65CD-7C1D-47FA-A67A-F228E6D49835}.Release|x64.ActiveCfg = Release|x64
		{BDBC65CD-7C1D-47FA-A67A-F228E6D49835}.Release|x64.Build.0 = Release|x64
		{280EDD25-7003-4A4B-BD16-A56993F31D11}.Debug|Win32.ActiveCfg = Debug|Win32
		{280EDD25-7003-4A4B-BD16-A56993F31D11}.Debug|Win32.Build.0 = Debug|Win32
		{280EDD25-7003-4A4B-BD16-A56993F31D11}.Debug|x64.ActiveCfg = Debug|x64
		{280EDD25-7003-4A4B-BD16-A56993F31D11}.Debug|x64.Build.0 = Debug|x64
		{280EDD25-7003-4A4B-BD16-A56993F31D11}.Release|Win32.ActiveCfg = Release|Win32
		{280EDD25-7003-4A4B-BD16-A56993F31D11}.Release|Win32.Build.0 = Release|Win32
		{280EDD25-7003-4A4B-BD16-A56993F31D11}.Release|x64.ActiveCfg = Release|x64
		{280EDD25-7003-4A4B-BD16-A56993F31D11}.Release|x64.Build.0 = Release|x64
		{99AA2FF4-1504-4302-A903-B3A86285731B}.Debug|Win32.ActiveCfg = Debug|Win32
		{99AA2FF4-1504-4302-A903-B3A86285731B}.Debug|Win32.Build.0 = Debug|Win32
		{99AA2FF4-1504-4302-A903-B3A86285731B}.Debug|x64.ActiveCfg = Debug|x64
		{99AA2FF4-1504-4302-A903-B3A86285731B}.Debug|x64.Build.0 = Debug|x64
		{99AA2FF4-1504-4302-A903-B3A86285731B}.Release|Win32.ActiveCfg = Release|Win32
		{99AA2FF4-1504-4302-A903-B3A86285731B}.Release|Win32.Build.0 = Release|Win32
		{99AA2FF4-1504-4302-A903-B3A86285731B}.Release|x64.ActiveCfg = Release|x64
		{99AA2FF4-1504-4302-A903-B3A86285731B}.Release|x64.Build.0 = Release|x64
		{72B61C03-A7D1-458A-B8D6-80591A5520F1}.Debug|Win32.ActiveCfg = Debug|Win32
		{72B61C03-A7D1-458A-B8D6-80591A5520F1}.Debug|Win32.Build.0 = Debug|Win32
		{72B61C03-A7D1-458A-B8D6-80591A5520F1}.Debug|x64.ActiveCfg = Debug|x64
		{72B61C03-A7D1-458A-B8D6-80591A5520F1}.Debug|x64.Build.0 = Debug|x64
		{72B61C03-A7D1-458A-B8D6-80591A5520F1}.Release|Win32.ActiveCfg = Release|Win32
		{72B61C03-A7D1-458A-B8D6-80591A5520F1}.Release|Win32.Build.0 = Release|Win32
		{72B61C03-A7D1-458A-B8D6-80591A5520F1}.Release|x64.ActiveCfg = Release|x64
		{72B61C03-A7D1-458A-B8D6-80591A5520F1}.Release|x64.Build.0 = Release|x64
		{97D1FD0C-A124-46CC-94FA-D8BA005FF6E0}.Debug|Win32.ActiveCfg = Debug|Win32
		{97D1FD0C-A124-46CC-94FA-D8BA005FF6E0}.Debug|Win32.Build.0 = Debug|Win32
		{97D1FD0C-A124-46CC-94FA-D8BA005FF6E0}.Debug|x64.ActiveCfg = Debug|x64
		{97D1FD0C-A124-46CC-94FA-D8BA005FF6E0}.Debug|x64.Build.0 = Debug|x64
		{97D1FD0C-A124-46CC-94FA-D8BA005FF6E0}.Release|Win32.ActiveCfg = Release|Win32
		{97D1FD0C-A124-46CC-94FA-D8BA005FF6E0}.Release|Win32.Build.0 = Release|Win32
		{97D1FD0C-A124-46CC-94FA-D8BA005FF6E0}.Release|x64.ActiveCfg = Release|x64
		{97D1FD0C-A124-46CC-94FA-D8BA005FF6E0}.Release|x64.Build.0 = Release|x64
		{FF62FA8E-8ACB-43CF-8BA9-5ED2425DCF5D}.Debug|Win32.ActiveCfg = Debug|Win32
		{FF62FA8E-8ACB-43CF-8BA9-5ED2425DCF5D}.Debug|Win32.Build.0 = Debug|Win32
		{FF62FA8E-8ACB-43CF-8BA9-5ED2425DCF5D}.Debug|x64.ActiveCfg = Debug|x64
		{FF62FA8E-8ACB-43CF-8BA9-5ED2425DCF5D}.Debug|x64.Build.0 = Debug|x64
		{FF62FA8E-8ACB-43CF-8BA9-5ED2425DCF5D}.Release|Win32.ActiveCfg = Release|Win32
		{FF62FA8E-8ACB-43CF-8BA9-5ED2425DCF5D}.Release|Win32.Build.0 = Release|Win32
		{FF62FA8E-8ACB-43CF-8BA9-5ED2425DCF5D}.Release|x64.ActiveCfg = Release|x64
		{FF62FA8E-8ACB-43CF-8BA9-5ED2425DCF5D}.Release|x64.Build.0 = Release|x64
		{DB2EE7DE-087F-4AFB-82C7-158DA908A61E}.Debug|Win32.ActiveCfg = Debug|Win32
		{DB2EE7DE-087F-4AFB-82C7-158DA908A61E}.Debug|Win32.Build.0 = Debug|Win32
		{DB2EE7DE-087F-4AFB-82C7-158DA908A61E}.Debug|x64.ActiveCfg = Debug|x64
		{DB2EE7DE-087F-4AFB-82C7-158DA908A61E}.Debug|x64.Build.0 = Debug|x64
		{DB2EE7DE-087F-4AFB-82C7-158DA908A61E}.Release|Win32.ActiveCfg = Release|Win32
		{DB2EE7DE-087F-4AFB-82C7-158DA908A61E}.Release|Win32.Build.0 = Release|Win32
		{DB2EE7DE-087F-4AFB-82C7-158DA908A61E}.Release|x64.ActiveCfg = Release|x64
		{DB2EE7DE-087F-4AFB-82C7-158DA908A61E}.Release|x64.Build.0 = Release|x64
		{7436423B-FB37-4BFC-9B66-D049F18C775A}.Debug|Win32.ActiveCfg = Debug|Win32
		{7436423B-FB37-4BFC-9B66-D049F18C775A}.Debug|Win32.Build.0 = Debug|Win32
		{7436423B-FB37-4BFC-9B66-D049F18C775A}.Debug|x64.ActiveCfg = Debug|x64
		{7436423B-FB37-4BFC-9B66-D049F18C775A}.Debug|x64.Build.0 = Debug|x64
		{7436423B-FB37-4BFC-9B66-D049F18C775A}.Release|Win32.ActiveCfg = Release|Win32
		{7436423B-FB37-4BFC-9B66-D049F18C775A}.Release|Win32.Build.0 = Release|Win32
		{7436423B-FB37-4BFC-9B66-D049F18C775A}.Release|x64.ActiveCfg = Release|x64
		{7436423B-FB37-4BFC-9B66-D049F18C775A}.Release|x64.Build.0 = Release|x64
	EndGlobalSection
	GlobalSection(SolutionProperties) = preSolution
		HideSolutionNode = FALSE
	EndGlobalSection
	GlobalSection(DPCodeReviewSolutionGUID) = preSolution
		DPCodeReviewSolutionGUID = {00000000-0000-0000-0000-000000000000}
	EndGlobalSection
	GlobalSection(DPCodeReviewSolutionGUID) = preSolution
		DPCodeReviewSolutionGUID = {00000000-0000-0000-0000-000000000000}
	EndGlobalSection
EndGlobal
